
Microsoft Visual Studio Solution File, Format Version 12.00
# Visual Studio Version 16
VisualStudioVersion = 16.0.32929.386
MinimumVisualStudioVersion = 10.0.40219.1
Project("{FAE04EC0-301F-11D3-BF4B-00C04F79EFBC}") = "Fabrica_Automoveis", "Fabrica_Automoveis\Fabrica_Automoveis.csproj", "{4E819883-06A5-4561-BB94-97D29DDB2514}"
EndProject
Global
	GlobalSection(SolutionConfigurationPlatforms) = preSolution
		Debug|Any CPU = Debug|Any CPU
		Release|Any CPU = Release|Any CPU
	EndGlobalSection
	GlobalSection(ProjectConfigurationPlatforms) = postSolution
		{4E819883-06A5-4561-BB94-97D29DDB2514}.Debug|Any CPU.ActiveCfg = Debug|Any CPU
		{4E819883-06A5-4561-BB94-97D29DDB2514}.Debug|Any CPU.Build.0 = Debug|Any CPU
		{4E819883-06A5-4561-BB94-97D29DDB2514}.Release|Any CPU.ActiveCfg = Release|Any CPU
		{4E819883-06A5-4561-BB94-97D29DDB2514}.Release|Any CPU.Build.0 = Release|Any CPU
	EndGlobalSection
	GlobalSection(SolutionProperties) = preSolution
		HideSolutionNode = FALSE
	EndGlobalSection
	GlobalSection(ExtensibilityGlobals) = postSolution
		SolutionGuid = {5DFB3626-99F2-4069-B691-6184A3F089E2}
	EndGlobalSection
EndGlobal
